Microsoft Visual Studio Solution File, Format Version 12.00
# Visual Studio 15
VisualStudioVersion = 15.0.27130.2027
MinimumVisualStudioVersion = 10.0.40219.1
Project("{F184B08F-C81C-45F6-A57F-5ABD9991F28F}") = "PRMMain.BLL", "PRMMain.BLL\PRMMain.BLL.vbproj", "{8ECBD1F5-A800-4D9B-8C6E-AAC3946E9661}"
EndProject
Project("{F184B08F-C81C-45F6-A57F-5ABD9991F28F}") = "PRMMain.DAL", "PRMMain.DAL\PRMMain.DAL.vbproj", "{8B367BC8-BA08-4ABB-ABEA-02DF3886E94D}"
EndProject
Project("{F184B08F-C81C-45F6-A57F-5ABD9991F28F}") = "PRMMain.Model", "PRMMain.Model\PRMMain.Model.vbproj", "{4C5D155B-166C-46AF-8DFC-61FAF05D6564}"
EndProject
Project("{F184B08F-C81C-45F6-A57F-5ABD9991F28F}") = "PRMMain.Report", "PRMMain.Report\PRMMain.Report.vbproj", "{844F99B3-3580-440C-B974-5ABDB984AB7B}"
EndProject
Project("{F184B08F-C81C-45F6-A57F-5ABD9991F28F}") = "PRMMain.GUI", "PRMMain.GUI\PRMMain.GUI.vbproj", "{5F2FAC18-09E6-4918-B8D3-7EB461CC5831}"
EndProject
Project("{F184B08F-C81C-45F6-A57F-5ABD9991F28F}") = "PRMMain.GenFun", "PRMMain.GenFun\PRMMain.GenFun.vbproj", "{466B0EB7-543B-4071-A8F2-753347AA1CA9}"
EndProject
Global
	GlobalSection(SolutionConfigurationPlatforms) = preSolution
		Debug|Any CPU = Debug|Any CPU
		Release|Any CPU = Release|Any CPU
	EndGlobalSection
	GlobalSection(ProjectConfigurationPlatforms) = postSolution
		{8ECBD1F5-A800-4D9B-8C6E-AAC3946E9661}.Debug|Any CPU.ActiveCfg = Debug|Any CPU
		{8ECBD1F5-A800-4D9B-8C6E-AAC3946E9661}.Debug|Any CPU.Build.0 = Debug|Any CPU
		{8ECBD1F5-A800-4D9B-8C6E-AAC3946E9661}.Release|Any CPU.ActiveCfg = Release|Any CPU
		{8ECBD1F5-A800-4D9B-8C6E-AAC3946E9661}.Release|Any CPU.Build.0 = Release|Any CPU
		{8B367BC8-BA08-4ABB-ABEA-02DF3886E94D}.Debug|Any CPU.ActiveCfg = Debug|Any CPU
		{8B367BC8-BA08-4ABB-ABEA-02DF3886E94D}.Debug|Any CPU.Build.0 = Debug|Any CPU
		{8B367BC8-BA08-4ABB-ABEA-02DF3886E94D}.Release|Any CPU.ActiveCfg = Release|Any CPU
		{8B367BC8-BA08-4ABB-ABEA-02DF3886E94D}.Release|Any CPU.Build.0 = Release|Any CPU
		{4C5D155B-166C-46AF-8DFC-61FAF05D6564}.Debug|Any CPU.ActiveCfg = Debug|Any CPU
		{4C5D155B-166C-46AF-8DFC-61FAF05D6564}.Debug|Any CPU.Build.0 = Debug|Any CPU
		{4C5D155B-166C-46AF-8DFC-61FAF05D6564}.Release|Any CPU.ActiveCfg = Release|Any CPU
		{4C5D155B-166C-46AF-8DFC-61FAF05D6564}.Release|Any CPU.Build.0 = Release|Any CPU
		{844F99B3-3580-440C-B974-5ABDB984AB7B}.Debug|Any CPU.ActiveCfg = Debug|Any CPU
		{844F99B3-3580-440C-B974-5ABDB984AB7B}.Debug|Any CPU.Build.0 = Debug|Any CPU
		{844F99B3-3580-440C-B974-5ABDB984AB7B}.Release|Any CPU.ActiveCfg = Release|Any CPU
		{844F99B3-3580-440C-B974-5ABDB984AB7B}.Release|Any CPU.Build.0 = Release|Any CPU
		{5F2FAC18-09E6-4918-B8D3-7EB461CC5831}.Debug|Any CPU.ActiveCfg = Debug|Any CPU
		{5F2FAC18-09E6-4918-B8D3-7EB461CC5831}.Debug|Any CPU.Build.0 = Debug|Any CPU
		{5F2FAC18-09E6-4918-B8D3-7EB461CC5831}.Release|Any CPU.ActiveCfg = Release|Any CPU
		{5F2FAC18-09E6-4918-B8D3-7EB461CC5831}.Release|Any CPU.Build.0 = Release|Any CPU
		{466B0EB7-543B-4071-A8F2-753347AA1CA9}.Debug|Any CPU.ActiveCfg = Debug|Any CPU
		{466B0EB7-543B-4071-A8F2-753347AA1CA9}.Debug|Any CPU.Build.0 = Debug|Any CPU
		{466B0EB7-543B-4071-A8F2-753347AA1CA9}.Release|Any CPU.ActiveCfg = Release|Any CPU
		{466B0EB7-543B-4071-A8F2-753347AA1CA9}.Release|Any CPU.Build.0 = Release|Any CPU
	EndGlobalSection
	GlobalSection(SolutionProperties) = preSolution
		HideSolutionNode = FALSE
	EndGlobalSection
	GlobalSection(ExtensibilityGlobals) = postSolution
		SolutionGuid = {5647C5DC-EDFB-4699-A3C9-5143200180D9}
	EndGlobalSection
EndGlobal
